
Microsoft Visual Studio Solution File, Format Version 12.00
# Visual Studio Version 17
VisualStudioVersion = 17.5.33424.131
MinimumVisualStudioVersion = 10.0.40219.1
Project("{9A19103F-16F7-4668-BE54-9A1E7A4F7556}") = "ComunidadeAtiva.Dominio", "Dominio\ComunidadeAtiva.Dominio.csproj", "{5BD45B21-9EE2-45A8-8502-531151AB9886}"
EndProject
Project("{9A19103F-16F7-4668-BE54-9A1E7A4F7556}") = "ComunidadeAtiva.Aplicacao", "ComunidadeAtiva.Aplicacao\ComunidadeAtiva.Aplicacao.csproj", "{62C1DB25-1F62-4DC8-80D4-6E0ACE85788A}"
EndProject
Project("{9A19103F-16F7-4668-BE54-9A1E7A4F7556}") = "ComunidadeAtiva.Infra.Data", "ComunidadeAtiva.Infra.Data\ComunidadeAtiva.Infra.Data.csproj", "{98531B23-4B7D-4859-B621-F7B5325147EB}"
EndProject
Project("{9A19103F-16F7-4668-BE54-9A1E7A4F7556}") = "ComunidadeAtiva.Ioc", "ComunidadeAtiva.Ioc\ComunidadeAtiva.Ioc.csproj", "{2E074EA7-52CE-4E9F-B2BA-F4F8B0938ABD}"
EndProject
Project("{9A19103F-16F7-4668-BE54-9A1E7A4F7556}") = "ComunidadeAtiva.FormsUI", "ComunidadeAtiva.FormsUI\ComunidadeAtiva.FormsUI.csproj", "{91EA2AE0-9066-4CCC-8FF3-B484A57F8BE7}"
EndProject
Project("{FAE04EC0-301F-11D3-BF4B-00C04F79EFBC}") = "ComunidadeAtiva.UnitTestes", "ComunidadeAtiva.UnitTestes\ComunidadeAtiva.UnitTestes.csproj", "{F6B2D249-3AD3-4BB1-A263-5CAC387BBA72}"
EndProject
Global
	GlobalSection(SolutionConfigurationPlatforms) = preSolution
		Debug|Any CPU = Debug|Any CPU
		Release|Any CPU = Release|Any CPU
	EndGlobalSection
	GlobalSection(ProjectConfigurationPlatforms) = postSolution
		{5BD45B21-9EE2-45A8-8502-531151AB9886}.Debug|Any CPU.ActiveCfg = Debug|Any CPU
		{5BD45B21-9EE2-45A8-8502-531151AB9886}.Debug|Any CPU.Build.0 = Debug|Any CPU
		{5BD45B21-9EE2-45A8-8502-531151AB9886}.Release|Any CPU.ActiveCfg = Release|Any CPU
		{5BD45B21-9EE2-45A8-8502-531151AB9886}.Release|Any CPU.Build.0 = Release|Any CPU
		{62C1DB25-1F62-4DC8-80D4-6E0ACE85788A}.Debug|Any CPU.ActiveCfg = Debug|Any CPU
		{62C1DB25-1F62-4DC8-80D4-6E0ACE85788A}.Debug|Any CPU.Build.0 = Debug|Any CPU
		{62C1DB25-1F62-4DC8-80D4-6E0ACE85788A}.Release|Any CPU.ActiveCfg = Release|Any CPU
		{62C1DB25-1F62-4DC8-80D4-6E0ACE85788A}.Release|Any CPU.Build.0 = Release|Any CPU
		{98531B23-4B7D-4859-B621-F7B5325147EB}.Debug|Any CPU.ActiveCfg = Debug|Any CPU
		{98531B23-4B7D-4859-B621-F7B5325147EB}.Debug|Any CPU.Build.0 = Debug|Any CPU
		{98531B23-4B7D-4859-B621-F7B5325147EB}.Release|Any CPU.ActiveCfg = Release|Any CPU
		{98531B23-4B7D-4859-B621-F7B5325147EB}.Release|Any CPU.Build.0 = Release|Any CPU
		{2E074EA7-52CE-4E9F-B2BA-F4F8B0938ABD}.Debug|Any CPU.ActiveCfg = Debug|Any CPU
		{2E074EA7-52CE-4E9F-B2BA-F4F8B0938ABD}.Debug|Any CPU.Build.0 = Debug|Any CPU
		{2E074EA7-52CE-4E9F-B2BA-F4F8B0938ABD}.Release|Any CPU.ActiveCfg = Release|Any CPU
		{2E074EA7-52CE-4E9F-B2BA-F4F8B0938ABD}.Release|Any CPU.Build.0 = Release|Any CPU
		{91EA2AE0-9066-4CCC-8FF3-B484A57F8BE7}.Debug|Any CPU.ActiveCfg = Debug|Any CPU
		{91EA2AE0-9066-4CCC-8FF3-B484A57F8BE7}.Debug|Any CPU.Build.0 = Debug|Any CPU
		{91EA2AE0-9066-4CCC-8FF3-B484A57F8BE7}.Release|Any CPU.ActiveCfg = Release|Any CPU
		{91EA2AE0-9066-4CCC-8FF3-B484A57F8BE7}.Release|Any CPU.Build.0 = Release|Any CPU
		{F6B2D249-3AD3-4BB1-A263-5CAC387BBA72}.Debug|Any CPU.ActiveCfg = Debug|Any CPU
		{F6B2D249-3AD3-4BB1-A263-5CAC387BBA72}.Debug|Any CPU.Build.0 = Debug|Any CPU
		{F6B2D249-3AD3-4BB1-A263-5CAC387BBA72}.Release|Any CPU.ActiveCfg = Release|Any CPU
		{F6B2D249-3AD3-4BB1-A263-5CAC387BBA72}.Release|Any CPU.Build.0 = Release|Any CPU
	EndGlobalSection
	GlobalSection(SolutionProperties) = preSolution
		HideSolutionNode = FALSE
	EndGlobalSection
	GlobalSection(ExtensibilityGlobals) = postSolution
		SolutionGuid = {D5A11198-2843-479E-A6E0-40748B4AAFF6}
	EndGlobalSection
EndGlobal
